// !$*UTF8*$!
{
	archiveVersion = 1;
	classes = {
	};
	objectVersion = 55;
	objects = {

/* Begin PBXBuildFile section */
		D3572F6727C9A57800CB5611 /* Character.swift in Sources */ = {isa = PBXBuildFile; fileRef = D3572F6627C9A57800CB5611 /* Character.swift */; };
		D36F9D4727C9A68100765B2C /* CharacterController.swift in Sources */ = {isa = PBXBuildFile; fileRef = D36F9D4627C9A68100765B2C /* CharacterController.swift */; };
		D36F9D4927C9A7E400765B2C /* CharacterCollectionViewController.swift in Sources */ = {isa = PBXBuildFile; fileRef = D36F9D4827C9A7E400765B2C /* CharacterCollectionViewController.swift */; };
		D36F9D4B27C9AD4100765B2C /* CharacterCollectionViewCell.swift in Sources */ = {isa = PBXBuildFile; fileRef = D36F9D4A27C9AD4100765B2C /* CharacterCollectionViewCell.swift */; };
		D391904427C95AE300490F22 /* AppDelegate.swift in Sources */ = {isa = PBXBuildFile; fileRef = D391904327C95AE300490F22 /* AppDelegate.swift */; };
		D391904627C95AE300490F22 /* SceneDelegate.swift in Sources */ = {isa = PBXBuildFile; fileRef = D391904527C95AE300490F22 /* SceneDelegate.swift */; };
		D391904B27C95AE300490F22 /* Main.storyboard in Resources */ = {isa = PBXBuildFile; fileRef = D391904927C95AE300490F22 /* Main.storyboard */; };
		D391904D27C95AE400490F22 /* Assets.xcassets in Resources */ = {isa = PBXBuildFile; fileRef = D391904C27C95AE400490F22 /* Assets.xcassets */; };
		D391905027C95AE400490F22 /* LaunchScreen.storyboard in Resources */ = {isa = PBXBuildFile; fileRef = D391904E27C95AE400490F22 /* LaunchScreen.storyboard */; };
/* End PBXBuildFile section */

/* Begin PBXFileReference section */
		D3572F6627C9A57800CB5611 /* Character.swift */ = {isa = PBXFileReference; lastKnownFileType = sourcecode.swift; path = Character.swift; sourceTree = "<group>"; };
		D36F9D4627C9A68100765B2C /* CharacterController.swift */ = {isa = PBXFileReference; lastKnownFileType = sourcecode.swift; path = CharacterController.swift; sourceTree = "<group>"; };
		D36F9D4827C9A7E400765B2C /* CharacterCollectionViewController.swift */ = {isa = PBXFileReference; lastKnownFileType = sourcecode.swift; path = CharacterCollectionViewController.swift; sourceTree = "<group>"; };
		D36F9D4A27C9AD4100765B2C /* CharacterCollectionViewCell.swift */ = {isa = PBXFileReference; lastKnownFileType = sourcecode.swift; path = CharacterCollectionViewCell.swift; sourceTree = "<group>"; };
		D391904027C95AE300490F22 /* Star Wars Game.app */ = {isa = PBXFileReference; explicitFileType = wrapper.application; includeInIndex = 0; path = "Star Wars Game.app"; sourceTree = BUILT_PRODUCTS_DIR; };
		D391904327C95AE300490F22 /* AppDelegate.swift */ = {isa = PBXFileReference; lastKnownFileType = sourcecode.swift; path = AppDelegate.swift; sourceTree = "<group>"; };
		D391904527C95AE300490F22 /* SceneDelegate.swift */ = {isa = PBXFileReference; lastKnownFileType = sourcecode.swift; path = SceneDelegate.swift; sourceTree = "<group>"; };
		D391904A27C95AE300490F22 /* Base */ = {isa = PBXFileReference; lastKnownFileType = file.storyboard; name = Base; path = Base.lproj/Main.storyboard; sourceTree = "<group>"; };
		D391904C27C95AE400490F22 /* Assets.xcassets */ = {isa = PBXFileReference; lastKnownFileType = folder.assetcatalog; path = Assets.xcassets; sourceTree = "<group>"; };
		D391904F27C95AE400490F22 /* Base */ = {isa = PBXFileReference; lastKnownFileType = file.storyboard; name = Base; path = Base.lproj/LaunchScreen.storyboard; sourceTree = "<group>"; };
		D391905127C95AE400490F22 /* Info.plist */ = {isa = PBXFileReference; lastKnownFileType = text.plist.xml; path = Info.plist; sourceTree = "<group>"; };
/* End PBXFileReference section */

/* Begin PBXFrameworksBuildPhase section */
		D391903D27C95AE300490F22 /* Frameworks */ = {
			isa = PBXFrameworksBuildPhase;
			buildActionMask = 2147483647;
			files = (
			);
			runOnlyForDeploymentPostprocessing = 0;
		};
/* End PBXFrameworksBuildPhase section */

/* Begin PBXGroup section */
		D3572F6227C9A42E00CB5611 /* View */ = {
			isa = PBXGroup;
			children = (
				D391904927C95AE300490F22 /* Main.storyboard */,
				D391904E27C95AE400490F22 /* LaunchScreen.storyboard */,
			);
			path = View;
			sourceTree = "<group>";
		};
		D3572F6327C9A43F00CB5611 /* Resources */ = {
			isa = PBXGroup;
			children = (
				D391904327C95AE300490F22 /* AppDelegate.swift */,
				D391904527C95AE300490F22 /* SceneDelegate.swift */,
				D391904C27C95AE400490F22 /* Assets.xcassets */,
				D391905127C95AE400490F22 /* Info.plist */,
			);
			path = Resources;
			sourceTree = "<group>";
		};
		D3572F6427C9A46100CB5611 /* Model */ = {
			isa = PBXGroup;
			children = (
				D3572F6627C9A57800CB5611 /* Character.swift */,
				D36F9D4627C9A68100765B2C /* CharacterController.swift */,
			);
			path = Model;
			sourceTree = "<group>";
		};
		D3572F6527C9A46700CB5611 /* Controller */ = {
			isa = PBXGroup;
			children = (
				D36F9D4827C9A7E400765B2C /* CharacterCollectionViewController.swift */,
				D36F9D4A27C9AD4100765B2C /* CharacterCollectionViewCell.swift */,
			);
			path = Controller;
			sourceTree = "<group>";
		};
		D391903727C95AE300490F22 = {
			isa = PBXGroup;
			children = (
				D391904227C95AE300490F22 /* Star Wars Game */,
				D391904127C95AE300490F22 /* Products */,
			);
			sourceTree = "<group>";
		};
		D391904127C95AE300490F22 /* Products */ = {
			isa = PBXGroup;
			children = (
				D391904027C95AE300490F22 /* Star Wars Game.app */,
			);
			name = Products;
			sourceTree = "<group>";
		};
		D391904227C95AE300490F22 /* Star Wars Game */ = {
			isa = PBXGroup;
			children = (
				D3572F6427C9A46100CB5611 /* Model */,
				D3572F6227C9A42E00CB5611 /* View */,
				D3572F6527C9A46700CB5611 /* Controller */,
				D3572F6327C9A43F00CB5611 /* Resources */,
			);
			path = "Star Wars Game";
			sourceTree = "<group>";
		};
/* End PBXGroup section */

/* Begin PBXNativeTarget section */
		D391903F27C95AE300490F22 /* Star Wars Game */ = {
			isa = PBXNativeTarget;
			buildConfigurationList = D391905427C95AE400490F22 /* Build configuration list for PBXNativeTarget "Star Wars Game" */;
			buildPhases = (
				D391903C27C95AE300490F22 /* Sources */,
				D391903D27C95AE300490F22 /* Frameworks */,
				D391903E27C95AE300490F22 /* Resources */,
			);
			buildRules = (
			);
			dependencies = (
			);
			name = "Star Wars Game";
			productName = "Star Wars Game";
			productReference = D391904027C95AE300490F22 /* Star Wars Game.app */;
			productType = "com.apple.product-type.application";
		};
/* End PBXNativeTarget section */

/* Begin PBXProject section */
		D391903827C95AE300490F22 /* Project object */ = {
			isa = PBXProject;
			attributes = {
				BuildIndependentTargetsInParallel = 1;
				LastSwiftUpdateCheck = 1320;
				LastUpgradeCheck = 1320;
				TargetAttributes = {
					D391903F27C95AE300490F22 = {
						CreatedOnToolsVersion = 13.2.1;
					};
				};
			};
			buildConfigurationList = D391903B27C95AE300490F22 /* Build configuration list for PBXProject "Star Wars Game" */;
			compatibilityVersion = "Xcode 13.0";
			developmentRegion = en;
			hasScannedForEncodings = 0;
			knownRegions = (
				en,
				Base,
			);
			mainGroup = D391903727C95AE300490F22;
			productRefGroup = D391904127C95AE300490F22 /* Products */;
			projectDirPath = "";
			projectRoot = "";
			targets = (
				D391903F27C95AE300490F22 /* Star Wars Game */,
			);
		};
/* End PBXProject section */

/* Begin PBXResourcesBuildPhase section */
		D391903E27C95AE300490F22 /* Resources */ = {
			isa = PBXResourcesBuildPhase;
			buildActionMask = 2147483647;
			files = (
				D391905027C95AE400490F22 /* LaunchScreen.storyboard in Resources */,
				D391904D27C95AE400490F22 /* Assets.xcassets in Resources */,
				D391904B27C95AE300490F22 /* Main.storyboard in Resources */,
			);
			runOnlyForDeploymentPostprocessing = 0;
		};
/* End PBXResourcesBuildPhase section */

/* Begin PBXSourcesBuildPhase section */
		D391903C27C95AE300490F22 /* Sources */ = {
			isa = PBXSourcesBuildPhase;
			buildActionMask = 2147483647;
			files = (
				D36F9D4B27C9AD4100765B2C /* CharacterCollectionViewCell.swift in Sources */,
				D3572F6727C9A57800CB5611 /* Character.swift in Sources */,
				D36F9D4727C9A68100765B2C /* CharacterController.swift in Sources */,
				D36F9D4927C9A7E400765B2C /* CharacterCollectionViewController.swift in Sources */,
				D391904427C95AE300490F22 /* AppDelegate.swift in Sources */,
				D391904627C95AE300490F22 /* SceneDelegate.swift in Sources */,
			);
			runOnlyForDeploymentPostprocessing = 0;
		};
/* End PBXSourcesBuildPhase section */

/* Begin PBXVariantGroup section */
		D391904927C95AE300490F22 /* Main.storyboard */ = {
			isa = PBXVariantGroup;
			children = (
				D391904A27C95AE300490F22 /* Base */,
			);
			name = Main.storyboard;
			sourceTree = "<group>";
		};
		D391904E27C95AE400490F22 /* LaunchScreen.storyboard */ = {
			isa = PBXVariantGroup;
			children = (
				D391904F27C95AE400490F22 /* Base */,
			);
			name = LaunchScreen.storyboard;
			sourceTree = "<group>";
		};
/* End PBXVariantGroup section */

/* Begin XCBuildConfiguration section */
		D391905227C95AE400490F22 /* Debug */ = {
			isa = XCBuildConfiguration;
			buildSettings = {
				ALWAYS_SEARCH_USER_PATHS = NO;
				CLANG_ANALYZER_NONNULL = YES;
				CLANG_ANALYZER_NUMBER_OBJECT_CONVERSION = YES_AGGRESSIVE;
				CLANG_CXX_LANGUAGE_STANDARD = "gnu++17";
				CLANG_CXX_LIBRARY = "libc++";
				CLANG_ENABLE_MODULES = YES;
				CLANG_ENABLE_OBJC_ARC = YES;
				CLANG_ENABLE_OBJC_WEAK = YES;
				CLANG_WARN_BLOCK_CAPTURE_AUTORELEASING = YES;
				CLANG_WARN_BOOL_CONVERSION = YES;
				CLANG_WARN_COMMA = YES;
				CLANG_WARN_CONSTANT_CONVERSION = YES;
				CLANG_WARN_DEPRECATED_OBJC_IMPLEMENTATIONS = YES;
				CLANG_WARN_DIRECT_OBJC_ISA_USAGE = YES_ERROR;
				CLANG_WARN_DOCUMENTATION_COMMENTS = YES;
				CLANG_WARN_EMPTY_BODY = YES;
				CLANG_WARN_ENUM_CONVERSION = YES;
				CLANG_WARN_INFINITE_RECURSION = YES;
				CLANG_WARN_INT_CONVERSION = YES;
				CLANG_WARN_NON_LITERAL_NULL_CONVERSION = YES;
				CLANG_WARN_OBJC_IMPLICIT_RETAIN_SELF = YES;
				CLANG_WARN_OBJC_LITERAL_CONVERSION = YES;
				CLANG_WARN_OBJC_ROOT_CLASS = YES_ERROR;
				CLANG_WARN_QUOTED_INCLUDE_IN_FRAMEWORK_HEADER = YES;
				CLANG_WARN_RANGE_LOOP_ANALYSIS = YES;
				CLANG_WARN_STRICT_PROTOTYPES = YES;
				CLANG_WARN_SUSPICIOUS_MOVE = YES;
				CLANG_WARN_UNGUARDED_AVAILABILITY = YES_AGGRESSIVE;
				CLANG_WARN_UNREACHABLE_CODE = YES;
				CLANG_WARN__DUPLICATE_METHOD_MATCH = YES;
				COPY_PHASE_STRIP = NO;
				DEBUG_INFORMATION_FORMAT = dwarf;
				ENABLE_STRICT_OBJC_MSGSEND = YES;
				ENABLE_TESTABILITY = YES;
				GCC_C_LANGUAGE_STANDARD = gnu11;
				GCC_DYNAMIC_NO_PIC = NO;
				GCC_NO_COMMON_BLOCKS = YES;
				GCC_OPTIMIZATION_LEVEL = 0;
				GCC_PREPROCESSOR_DEFINITIONS = (
					"DEBUG=1",
					"$(inherited)",
				);
				GCC_WARN_64_TO_32_BIT_CONVERSION = YES;
				GCC_WARN_ABOUT_RETURN_TYPE = YES_ERROR;
				GCC_WARN_UNDECLARED_SELECTOR = YES;
				GCC_WARN_UNINITIALIZED_AUTOS = YES_AGGRESSIVE;
				GCC_WARN_UNUSED_FUNCTION = YES;
				GCC_WARN_UNUSED_VARIABLE = YES;
				IPHONEOS_DEPLOYMENT_TARGET = 15.2;
				MTL_ENABLE_DEBUG_INFO = INCLUDE_SOURCE;
				MTL_FAST_MATH = YES;
				ONLY_ACTIVE_ARCH = YES;
				SDKROOT = iphoneos;
				SWIFT_ACTIVE_COMPILATION_CONDITIONS = DEBUG;
				SWIFT_OPTIMIZATION_LEVEL = "-Onone";
			};
			name = Debug;
		};
		D391905327C95AE400490F22 /* Release */ = {
			isa = XCBuildConfiguration;
			buildSettings = {
				ALWAYS_SEARCH_USER_PATHS = NO;
				CLANG_ANALYZER_NONNULL = YES;
				CLANG_ANALYZER_NUMBER_OBJECT_CONVERSION = YES_AGGRESSIVE;
				CLANG_CXX_LANGUAGE_STANDARD = "gnu++17";
				CLANG_CXX_LIBRARY = "libc++";
				CLANG_ENABLE_MODULES = YES;
				CLANG_ENABLE_OBJC_ARC = YES;
				CLANG_ENABLE_OBJC_WEAK = YES;
				CLANG_WARN_BLOCK_CAPTURE_AUTORELEASING = YES;
				CLANG_WARN_BOOL_CONVERSION = YES;
				CLANG_WARN_COMMA = YES;
				CLANG_WARN_CONSTANT_CONVERSION = YES;
				CLANG_WARN_DEPRECATED_OBJC_IMPLEMENTATIONS = YES;
				CLANG_WARN_DIRECT_OBJC_ISA_USAGE = YES_ERROR;
				CLANG_WARN_DOCUMENTATION_COMMENTS = YES;
				CLANG_WARN_EMPTY_BODY = YES;
				CLANG_WARN_ENUM_CONVERSION = YES;
				CLANG_WARN_INFINITE_RECURSION = YES;
				CLANG_WARN_INT_CONVERSION = YES;
				CLANG_WARN_NON_LITERAL_NULL_CONVERSION = YES;
				CLANG_WARN_OBJC_IMPLICIT_RETAIN_SELF = YES;
				CLANG_WARN_OBJC_LITERAL_CONVERSION = YES;
				CLANG_WARN_OBJC_ROOT_CLASS = YES_ERROR;
				CLANG_WARN_QUOTED_INCLUDE_IN_FRAMEWORK_HEADER = YES;
				CLANG_WARN_RANGE_LOOP_ANALYSIS = YES;
				CLANG_WARN_STRICT_PROTOTYPES = YES;
				CLANG_WARN_SUSPICIOUS_MOVE = YES;
				CLANG_WARN_UNGUARDED_AVAILABILITY = YES_AGGRESSIVE;
				CLANG_WARN_UNREACHABLE_CODE = YES;
				CLANG_WARN__DUPLICATE_METHOD_MATCH = YES;
				COPY_PHASE_STRIP = NO;
				DEBUG_INFORMATION_FORMAT = "dwarf-with-dsym";
				ENABLE_NS_ASSERTIONS = NO;
				ENABLE_STRICT_OBJC_MSGSEND = YES;
				GCC_C_LANGUAGE_STANDARD = gnu11;
				GCC_NO_COMMON_BLOCKS = YES;
				GCC_WARN_64_TO_32_BIT_CONVERSION = YES;
				GCC_WARN_ABOUT_RETURN_TYPE = YES_ERROR;
				GCC_WARN_UNDECLARED_SELECTOR = YES;
				GCC_WARN_UNINITIALIZED_AUTOS = YES_AGGRESSIVE;
				GCC_WARN_UNUSED_FUNCTION = YES;
				GCC_WARN_UNUSED_VARIABLE = YES;
				IPHONEOS_DEPLOYMENT_TARGET = 15.2;
				MTL_ENABLE_DEBUG_INFO = NO;
				MTL_FAST_MATH = YES;
				SDKROOT = iphoneos;
				SWIFT_COMPILATION_MODE = wholemodule;
				SWIFT_OPTIMIZATION_LEVEL = "-O";
				VALIDATE_PRODUCT = YES;
			};
			name = Release;
		};
		D391905527C95AE400490F22 /* Debug */ = {
			isa = XCBuildConfiguration;
			buildSettings = {
				ASSETCATALOG_COMPILER_APPICON_NAME = AppIcon;
				ASSETCATALOG_COMPILER_GLOBAL_ACCENT_COLOR_NAME = AccentColor;
				CODE_SIGN_STYLE = Automatic;
				CURRENT_PROJECT_VERSION = 1;
				DEVELOPMENT_TEAM = J9FG8B64JQ;
				GENERATE_INFOPLIST_FILE = YES;
				INFOPLIST_FILE = "Star Wars Game/Resources/Info.plist";
				INFOPLIST_KEY_UIApplicationSupportsIndirectInputEvents = YES;
				INFOPLIST_KEY_UILaunchStoryboardName = LaunchScreen;
				INFOPLIST_KEY_UIMainStoryboardFile = Main;
				INFOPLIST_KEY_UISupportedInterfaceOrientations_iPad = "UIInterfaceOrientationPortrait UIInterfaceOrientationPortraitUpsideDown UIInterfaceOrientationLandscapeLeft UIInterfaceOrientationLandscapeRight";
				INFOPLIST_KEY_UISupportedInterfaceOrientations_iPhone = "UIInterfaceOrientationPortrait UIInterfaceOrientationLandscapeLeft UIInterfaceOrientationLandscapeRight";
				LD_RUNPATH_SEARCH_PATHS = (
					"$(inherited)",
					"@executable_path/Frameworks",
				);
				MARKETING_VERSION = 1.0;
				PRODUCT_BUNDLE_IDENTIFIER = "com.ginotasis.Star-Wars-Game";
				PRODUCT_NAME = "$(TARGET_NAME)";
				SWIFT_EMIT_LOC_STRINGS = YES;
				SWIFT_VERSION = 5.0;
				TARGETED_DEVICE_FAMILY = "1,2";
			};
			name = Debug;
		};
		D391905627C95AE400490F22 /* Release */ = {
			isa = XCBuildConfiguration;
			buildSettings = {
				ASSETCATALOG_COMPILER_APPICON_NAME = AppIcon;
				ASSETCATALOG_COMPILER_GLOBAL_ACCENT_COLOR_NAME = AccentColor;
				CODE_SIGN_STYLE = Automatic;
				CURRENT_PROJECT_VERSION = 1;
				DEVELOPMENT_TEAM = J9FG8B64JQ;
				GENERATE_INFOPLIST_FILE = YES;
				INFOPLIST_FILE = "Star Wars Game/Resources/Info.plist";
				INFOPLIST_KEY_UIApplicationSupportsIndirectInputEvents = YES;
				INFOPLIST_KEY_UILaunchStoryboardName = LaunchScreen;
				INFOPLIST_KEY_UIMainStoryboardFile = Main;
				INFOPLIST_KEY_UISupportedInterfaceOrientations_iPad = "UIInterfaceOrientationPortrait UIInterfaceOrientationPortraitUpsideDown UIInterfaceOrientationLandscapeLeft UIInterfaceOrientationLandscapeRight";
				INFOPLIST_KEY_UISupportedInterfaceOrientations_iPhone = "UIInterfaceOrientationPortrait UIInterfaceOrientationLandscapeLeft UIInterfaceOrientationLandscapeRight";
				LD_RUNPATH_SEARCH_PATHS = (
					"$(inherited)",
					"@executable_path/Frameworks",
				);
				MARKETING_VERSION = 1.0;
				PRODUCT_BUNDLE_IDENTIFIER = "com.ginotasis.Star-Wars-Game";
				PRODUCT_NAME = "$(TARGET_NAME)";
				SWIFT_EMIT_LOC_STRINGS = YES;
				SWIFT_VERSION = 5.0;
				TARGETED_DEVICE_FAMILY = "1,2";
			};
			name = Release;
		};
/* End XCBuildConfiguration section */

/* Begin XCConfigurationList section */
		D391903B27C95AE300490F22 /* Build configuration list for PBXProject "Star Wars Game" */ = {
			isa = XCConfigurationList;
			buildConfigurations = (
				D391905227C95AE400490F22 /* Debug */,
				D391905327C95AE400490F22 /* Release */,
			);
			defaultConfigurationIsVisible = 0;
			defaultConfigurationName = Release;
		};
		D391905427C95AE400490F22 /* Build configuration list for PBXNativeTarget "Star Wars Game" */ = {
			isa = XCConfigurationList;
			buildConfigurations = (
				D391905527C95AE400490F22 /* Debug */,
				D391905627C95AE400490F22 /* Release */,
			);
			defaultConfigurationIsVisible = 0;
			defaultConfigurationName = Release;
		};
/* End XCConfigurationList section */
	};
	rootObject = D391903827C95AE300490F22 /* Project object */;
}
